
Microsoft Visual Studio Solution File, Format Version 12.00
# Visual Studio Version 17
VisualStudioVersion = 17.11.35431.28
MinimumVisualStudioVersion = 10.0.40219.1
Project("{9A19103F-16F7-4668-BE54-9A1E7A4F7556}") = "Chizl.ConsoleFonts", "Chizl.ConsoleFonts.csproj", "{C74F5B43-41A4-4937-B10B-5753BB1D4DB8}"
EndProject
Project("{FAE04EC0-301F-11D3-BF4B-00C04F79EFBC}") = "FontDemo", "FontDemo\FontDemo.csproj", "{4A7FD2EA-BA92-4E03-A404-C9E74E72557B}"
EndProject
Global
	GlobalSection(SolutionConfigurationPlatforms) = preSolution
		Debug|Any CPU = Debug|Any CPU
		Release|Any CPU = Release|Any CPU
	EndGlobalSection
	GlobalSection(ProjectConfigurationPlatforms) = postSolution
		{C74F5B43-41A4-4937-B10B-5753BB1D4DB8}.Debug|Any CPU.ActiveCfg = Debug|Any CPU
		{C74F5B43-41A4-4937-B10B-5753BB1D4DB8}.Debug|Any CPU.Build.0 = Debug|Any CPU
		{C74F5B43-41A4-4937-B10B-5753BB1D4DB8}.Release|Any CPU.ActiveCfg = Release|Any CPU
		{C74F5B43-41A4-4937-B10B-5753BB1D4DB8}.Release|Any CPU.Build.0 = Release|Any CPU
		{4A7FD2EA-BA92-4E03-A404-C9E74E72557B}.Debug|Any CPU.ActiveCfg = Debug|Any CPU
		{4A7FD2EA-BA92-4E03-A404-C9E74E72557B}.Debug|Any CPU.Build.0 = Debug|Any CPU
		{4A7FD2EA-BA92-4E03-A404-C9E74E72557B}.Release|Any CPU.ActiveCfg = Release|Any CPU
		{4A7FD2EA-BA92-4E03-A404-C9E74E72557B}.Release|Any CPU.Build.0 = Release|Any CPU
	EndGlobalSection
	GlobalSection(SolutionProperties) = preSolution
		HideSolutionNode = FALSE
	EndGlobalSection
	GlobalSection(ExtensibilityGlobals) = postSolution
		SolutionGuid = {3024762C-66B6-42D9-AE8E-4FA5F65F2DEF}
	EndGlobalSection
EndGlobal
